<?xml version="1.0" encoding="utf-8"?>
<Project ToolsVersion="4.0" xmlns="http://schemas.microsoft.com/developer/msbuild/2003">
  <ItemGroup>
    <Filter Include="win32">
      <UniqueIdentifier>{84a8ebd7-7cf0-47f6-b75e-d441df67da40}</UniqueIdentifier>
    </Filter>
    <Filter Include="resource">
      <UniqueIdentifier>{715254bc-d70b-4ec5-bf29-467dd3ace079}</UniqueIdentifier>
    </Filter>
    <Filter Include="src">
      <UniqueIdentifier>{bb6c862e-70e9-49d9-81b7-3829a6f50471}</UniqueIdentifier>
    </Filter>
    <Filter Include="src\ui">
      <UniqueIdentifier>{e48537f5-52ca-4678-9f37-d9a415c6778f}</UniqueIdentifier>
    </Filter>
    <Filter Include="src\commands">
      <UniqueIdentifier>{45a4e24d-f784-4f8e-b6d7-b1ed386bf902}</UniqueIdentifier>
    </Filter>
    <Filter Include="src\utils">
      <UniqueIdentifier>{65d84de3-b714-46c7-8678-0ed2d855e8c0}</UniqueIdentifier>
    </Filter>
  </ItemGroup>
  <ItemGroup>
    <ClCompile Include="main.cpp">
      <Filter>win32</Filter>
    </ClCompile>
    <ClCompile Include="..\Classes\AppDelegate.cpp">
      <Filter>src</Filter>
    </ClCompile>
    <ClCompile Include="..\Classes\Block.cpp">
      <Filter>src</Filter>
    </ClCompile>
    <ClCompile Include="..\Classes\GameField.cpp">
      <Filter>src</Filter>
    </ClCompile>
    <ClCompile Include="..\Classes\MainGameScene.cpp">
      <Filter>src</Filter>
    </ClCompile>
    <ClCompile Include="..\Classes\BackgroundElementUI.cpp">
      <Filter>src\ui</Filter>
    </ClCompile>
    <ClCompile Include="..\Classes\BottomPanel.cpp">
      <Filter>src\ui</Filter>
    </ClCompile>
    <ClCompile Include="..\Classes\SimpleUI.cpp">
      <Filter>src\ui</Filter>
    </ClCompile>
    <ClCompile Include="..\Classes\TopPanel.cpp">
      <Filter>src\ui</Filter>
    </ClCompile>
    <ClCompile Include="..\Classes\UserInput.cpp">
      <Filter>src\ui</Filter>
    </ClCompile>
    <ClCompile Include="..\Classes\CommandMoveClockwise.cpp">
      <Filter>src\commands</Filter>
    </ClCompile>
    <ClCompile Include="..\Classes\CommandMoveCounterClockwise.cpp">
      <Filter>src\commands</Filter>
    </ClCompile>
    <ClCompile Include="..\Classes\CommandMoveDown.cpp">
      <Filter>src\commands</Filter>
    </ClCompile>
    <ClCompile Include="..\Classes\CommandMoveLeft.cpp">
      <Filter>src\commands</Filter>
    </ClCompile>
    <ClCompile Include="..\Classes\CommandMoveRight.cpp">
      <Filter>src\commands</Filter>
    </ClCompile>
    <ClCompile Include="..\Classes\BlockContactListener.cpp">
      <Filter>src\utils</Filter>
    </ClCompile>
    <ClCompile Include="..\Classes\MessagesQueue.cpp">
      <Filter>src\utils</Filter>
    </ClCompile>
    <ClCompile Include="..\Classes\GLES-Render.cpp">
      <Filter>src\utils</Filter>
    </ClCompile>
  </ItemGroup>
  <ItemGroup>
    <ClInclude Include="main.h">
      <Filter>win32</Filter>
    </ClInclude>
    <ClInclude Include="..\Classes\AppDelegate.h">
      <Filter>src</Filter>
    </ClInclude>
    <ClInclude Include="..\Classes\Block.h">
      <Filter>src</Filter>
    </ClInclude>
    <ClInclude Include="..\Classes\GameField.h">
      <Filter>src</Filter>
    </ClInclude>
    <ClInclude Include="..\Classes\MainGameScene.h">
      <Filter>src</Filter>
    </ClInclude>
    <ClInclude Include="..\Classes\AbstractElementUI.h">
      <Filter>resource</Filter>
    </ClInclude>
    <ClInclude Include="..\Classes\AbstractUI.h">
      <Filter>src\ui</Filter>
    </ClInclude>
    <ClInclude Include="..\Classes\BackgroundElementUI.h">
      <Filter>src\ui</Filter>
    </ClInclude>
    <ClInclude Include="..\Classes\BottomPanel.h">
      <Filter>src\ui</Filter>
    </ClInclude>
    <ClInclude Include="..\Classes\SimpleUI.h">
      <Filter>src\ui</Filter>
    </ClInclude>
    <ClInclude Include="..\Classes\TopPanel.h">
      <Filter>src\ui</Filter>
    </ClInclude>
    <ClInclude Include="..\Classes\UserInput.h">
      <Filter>src\ui</Filter>
    </ClInclude>
    <ClInclude Include="..\Classes\Command.h">
      <Filter>src\commands</Filter>
    </ClInclude>
    <ClInclude Include="..\Classes\CommandMoveClockwise.h">
      <Filter>src\commands</Filter>
    </ClInclude>
    <ClInclude Include="..\Classes\CommandMoveCounterClockwise.h">
      <Filter>src\commands</Filter>
    </ClInclude>
    <ClInclude Include="..\Classes\CommandMoveDown.h">
      <Filter>src\commands</Filter>
    </ClInclude>
    <ClInclude Include="..\Classes\CommandMoveLeft.h">
      <Filter>src\commands</Filter>
    </ClInclude>
    <ClInclude Include="..\Classes\CommandMoveRight.h">
      <Filter>src\commands</Filter>
    </ClInclude>
    <ClInclude Include="..\Classes\BlockContactListener.h">
      <Filter>src\utils</Filter>
    </ClInclude>
    <ClInclude Include="..\Classes\Constants.h">
      <Filter>src\utils</Filter>
    </ClInclude>
    <ClInclude Include="..\Classes\MessagesQueue.h">
      <Filter>src\utils</Filter>
    </ClInclude>
    <ClInclude Include="..\Classes\GLES-Render.h">
      <Filter>src\utils</Filter>
    </ClInclude>
  </ItemGroup>
  <ItemGroup>
    <ResourceCompile Include="game.rc">
      <Filter>resource</Filter>
    </ResourceCompile>
  </ItemGroup>
</Project>